
Microsoft Visual Studio Solution File, Format Version 12.00
# Visual Studio Version 17
VisualStudioVersion = 17.4.33205.214
MinimumVisualStudioVersion = 10.0.40219.1
Project("{9A19103F-16F7-4668-BE54-9A1E7A4F7556}") = "TechApiGateway", "TechApiGateway\TechApiGateway.csproj", "{5FD57878-2C77-43C9-9F0F-187F5A324A97}"
EndProject
Project("{2150E333-8FDC-42A3-9474-1A3956D46DE8}") = "Services", "Services", "{DA44036C-6DBB-4893-991F-0ADF822158F7}"
EndProject
Project("{2150E333-8FDC-42A3-9474-1A3956D46DE8}") = "Contact", "Contact", "{1694A742-B059-437A-820C-203D3FAFCAAA}"
EndProject
Project("{2150E333-8FDC-42A3-9474-1A3956D46DE8}") = "Reservation", "Reservation", "{2F3FA664-2EF5-4B46-81F9-67EF227DDAA7}"
EndProject
Project("{9A19103F-16F7-4668-BE54-9A1E7A4F7556}") = "Contact.Api.Infrastructure", "Services\Contact\Contact.Api.Infrastructure\Contact.Api.Infrastructure.csproj", "{A085229A-8CC3-4902-9C08-991DA1403223}"
EndProject
Project("{9A19103F-16F7-4668-BE54-9A1E7A4F7556}") = "Reservation.Api", "Services\Reservation\Reservation.Api\Reservation.Api.csproj", "{4239F761-4D71-4CD0-910D-279CB60A8D01}"
EndProject
Project("{9A19103F-16F7-4668-BE54-9A1E7A4F7556}") = "Contact.Api", "Services\Contact\Contact.Api\Contact.Api.csproj", "{225A324A-A0AB-4317-9EE8-C646CF28E9D1}"
EndProject
Project("{FAE04EC0-301F-11D3-BF4B-00C04F79EFBC}") = "Contact.Api.Model", "Services\Contact\Contact.Api.Model\Contact.Api.Model.csproj", "{755E139C-59DF-4DC7-BEB7-BD4646FCE959}"
EndProject
Project("{FAE04EC0-301F-11D3-BF4B-00C04F79EFBC}") = "Contact.Api.Service", "Service\Contact\Contact.Api.Service\Contact.Api.Service.csproj", "{E7B81F41-3A45-43C6-BF21-812CD6375C17}"
EndProject
Project("{FAE04EC0-301F-11D3-BF4B-00C04F79EFBC}") = "Reservation.Api.Infrastructure", "Service\Reservation\Reservation.Api.Infrastructure\Reservation.Api.Infrastructure.csproj", "{A345301A-B6EA-4D4D-B419-34A675B548B2}"
EndProject
Project("{FAE04EC0-301F-11D3-BF4B-00C04F79EFBC}") = "Reservation.Api.Model", "Service\Reservation\Reservation.Api.Model\Reservation.Api.Model.csproj", "{913171DE-24D4-4A70-B0BB-223DDD79347A}"
EndProject
Project("{FAE04EC0-301F-11D3-BF4B-00C04F79EFBC}") = "Reservation.Api.Service", "Service\Reservation\Reservation.Api.Service\Reservation.Api.Service.csproj", "{31D05421-60DB-4EA7-9560-59162F49D41F}"
EndProject
Global
	GlobalSection(SolutionConfigurationPlatforms) = preSolution
		Debug|Any CPU = Debug|Any CPU
		Release|Any CPU = Release|Any CPU
	EndGlobalSection
	GlobalSection(ProjectConfigurationPlatforms) = postSolution
		{5FD57878-2C77-43C9-9F0F-187F5A324A97}.Debug|Any CPU.ActiveCfg = Debug|Any CPU
		{5FD57878-2C77-43C9-9F0F-187F5A324A97}.Debug|Any CPU.Build.0 = Debug|Any CPU
		{5FD57878-2C77-43C9-9F0F-187F5A324A97}.Release|Any CPU.ActiveCfg = Release|Any CPU
		{5FD57878-2C77-43C9-9F0F-187F5A324A97}.Release|Any CPU.Build.0 = Release|Any CPU
		{A085229A-8CC3-4902-9C08-991DA1403223}.Debug|Any CPU.ActiveCfg = Debug|Any CPU
		{A085229A-8CC3-4902-9C08-991DA1403223}.Debug|Any CPU.Build.0 = Debug|Any CPU
		{A085229A-8CC3-4902-9C08-991DA1403223}.Release|Any CPU.ActiveCfg = Release|Any CPU
		{A085229A-8CC3-4902-9C08-991DA1403223}.Release|Any CPU.Build.0 = Release|Any CPU
		{4239F761-4D71-4CD0-910D-279CB60A8D01}.Debug|Any CPU.ActiveCfg = Debug|Any CPU
		{4239F761-4D71-4CD0-910D-279CB60A8D01}.Debug|Any CPU.Build.0 = Debug|Any CPU
		{4239F761-4D71-4CD0-910D-279CB60A8D01}.Release|Any CPU.ActiveCfg = Release|Any CPU
		{4239F761-4D71-4CD0-910D-279CB60A8D01}.Release|Any CPU.Build.0 = Release|Any CPU
		{225A324A-A0AB-4317-9EE8-C646CF28E9D1}.Debug|Any CPU.ActiveCfg = Debug|Any CPU
		{225A324A-A0AB-4317-9EE8-C646CF28E9D1}.Debug|Any CPU.Build.0 = Debug|Any CPU
		{225A324A-A0AB-4317-9EE8-C646CF28E9D1}.Release|Any CPU.ActiveCfg = Release|Any CPU
		{225A324A-A0AB-4317-9EE8-C646CF28E9D1}.Release|Any CPU.Build.0 = Release|Any CPU
		{755E139C-59DF-4DC7-BEB7-BD4646FCE959}.Debug|Any CPU.ActiveCfg = Debug|Any CPU
		{755E139C-59DF-4DC7-BEB7-BD4646FCE959}.Debug|Any CPU.Build.0 = Debug|Any CPU
		{755E139C-59DF-4DC7-BEB7-BD4646FCE959}.Release|Any CPU.ActiveCfg = Release|Any CPU
		{755E139C-59DF-4DC7-BEB7-BD4646FCE959}.Release|Any CPU.Build.0 = Release|Any CPU
		{E7B81F41-3A45-43C6-BF21-812CD6375C17}.Debug|Any CPU.ActiveCfg = Debug|Any CPU
		{E7B81F41-3A45-43C6-BF21-812CD6375C17}.Debug|Any CPU.Build.0 = Debug|Any CPU
		{E7B81F41-3A45-43C6-BF21-812CD6375C17}.Release|Any CPU.ActiveCfg = Release|Any CPU
		{E7B81F41-3A45-43C6-BF21-812CD6375C17}.Release|Any CPU.Build.0 = Release|Any CPU
		{A345301A-B6EA-4D4D-B419-34A675B548B2}.Debug|Any CPU.ActiveCfg = Debug|Any CPU
		{A345301A-B6EA-4D4D-B419-34A675B548B2}.Debug|Any CPU.Build.0 = Debug|Any CPU
		{A345301A-B6EA-4D4D-B419-34A675B548B2}.Release|Any CPU.ActiveCfg = Release|Any CPU
		{A345301A-B6EA-4D4D-B419-34A675B548B2}.Release|Any CPU.Build.0 = Release|Any CPU
		{913171DE-24D4-4A70-B0BB-223DDD79347A}.Debug|Any CPU.ActiveCfg = Debug|Any CPU
		{913171DE-24D4-4A70-B0BB-223DDD79347A}.Debug|Any CPU.Build.0 = Debug|Any CPU
		{913171DE-24D4-4A70-B0BB-223DDD79347A}.Release|Any CPU.ActiveCfg = Release|Any CPU
		{913171DE-24D4-4A70-B0BB-223DDD79347A}.Release|Any CPU.Build.0 = Release|Any CPU
		{31D05421-60DB-4EA7-9560-59162F49D41F}.Debug|Any CPU.ActiveCfg = Debug|Any CPU
		{31D05421-60DB-4EA7-9560-59162F49D41F}.Debug|Any CPU.Build.0 = Debug|Any CPU
		{31D05421-60DB-4EA7-9560-59162F49D41F}.Release|Any CPU.ActiveCfg = Release|Any CPU
		{31D05421-60DB-4EA7-9560-59162F49D41F}.Release|Any CPU.Build.0 = Release|Any CPU
	EndGlobalSection
	GlobalSection(SolutionProperties) = preSolution
		HideSolutionNode = FALSE
	EndGlobalSection
	GlobalSection(NestedProjects) = preSolution
		{1694A742-B059-437A-820C-203D3FAFCAAA} = {DA44036C-6DBB-4893-991F-0ADF822158F7}
		{2F3FA664-2EF5-4B46-81F9-67EF227DDAA7} = {DA44036C-6DBB-4893-991F-0ADF822158F7}
		{A085229A-8CC3-4902-9C08-991DA1403223} = {1694A742-B059-437A-820C-203D3FAFCAAA}
		{4239F761-4D71-4CD0-910D-279CB60A8D01} = {2F3FA664-2EF5-4B46-81F9-67EF227DDAA7}
		{225A324A-A0AB-4317-9EE8-C646CF28E9D1} = {1694A742-B059-437A-820C-203D3FAFCAAA}
		{755E139C-59DF-4DC7-BEB7-BD4646FCE959} = {1694A742-B059-437A-820C-203D3FAFCAAA}
		{E7B81F41-3A45-43C6-BF21-812CD6375C17} = {1694A742-B059-437A-820C-203D3FAFCAAA}
		{A345301A-B6EA-4D4D-B419-34A675B548B2} = {2F3FA664-2EF5-4B46-81F9-67EF227DDAA7}
		{913171DE-24D4-4A70-B0BB-223DDD79347A} = {2F3FA664-2EF5-4B46-81F9-67EF227DDAA7}
		{31D05421-60DB-4EA7-9560-59162F49D41F} = {2F3FA664-2EF5-4B46-81F9-67EF227DDAA7}
	EndGlobalSection
	GlobalSection(ExtensibilityGlobals) = postSolution
		SolutionGuid = {3CFC0F59-4064-4BC5-B503-F7F800340599}
	EndGlobalSection
EndGlobal
